
Microsoft Visual Studio Solution File, Format Version 12.00
# Visual Studio Version 16
VisualStudioVersion = 16.0.31019.35
MinimumVisualStudioVersion = 10.0.40219.1
Project("{8BC9CEB8-8B4A-11D0-8D11-00A0C91BC942}") = "Proiect2Gauss-Seidel_MiAl", "Proiect2Gauss-Seidel_MiAl\Proiect2Gauss-Seidel_MiAl.vcxproj", "{0089005D-0B43-4125-905A-B4C9D31AD3BA}"
EndProject
Global
	GlobalSection(SolutionConfigurationPlatforms) = preSolution
		Debug|x64 = Debug|x64
		Debug|x86 = Debug|x86
		Release|x64 = Release|x64
		Release|x86 = Release|x86
	EndGlobalSection
	GlobalSection(ProjectConfigurationPlatforms) = postSolution
		{0089005D-0B43-4125-905A-B4C9D31AD3BA}.Debug|x64.ActiveCfg = Debug|x64
		{0089005D-0B43-4125-905A-B4C9D31AD3BA}.Debug|x64.Build.0 = Debug|x64
		{0089005D-0B43-4125-905A-B4C9D31AD3BA}.Debug|x86.ActiveCfg = Debug|Win32
		{0089005D-0B43-4125-905A-B4C9D31AD3BA}.Debug|x86.Build.0 = Debug|Win32
		{0089005D-0B43-4125-905A-B4C9D31AD3BA}.Release|x64.ActiveCfg = Release|x64
		{0089005D-0B43-4125-905A-B4C9D31AD3BA}.Release|x64.Build.0 = Release|x64
		{0089005D-0B43-4125-905A-B4C9D31AD3BA}.Release|x86.ActiveCfg = Release|Win32
		{0089005D-0B43-4125-905A-B4C9D31AD3BA}.Release|x86.Build.0 = Release|Win32
	EndGlobalSection
	GlobalSection(SolutionProperties) = preSolution
		HideSolutionNode = FALSE
	EndGlobalSection
	GlobalSection(ExtensibilityGlobals) = postSolution
		SolutionGuid = {A37E9526-22DC-4857-BBC1-5FBB5226685B}
	EndGlobalSection
EndGlobal
